
Microsoft Visual Studio Solution File, Format Version 12.00
# Visual Studio 15
VisualStudioVersion = 15.0.28307.572
MinimumVisualStudioVersion = 10.0.40219.1
Project("{8BC9CEB8-8B4A-11D0-8D11-00A0C91BC942}") = "client", "client\client.vcxproj", "{599D8942-1792-4FE3-BD6C-91B8B39621F0}"
EndProject
Global
	GlobalSection(SolutionConfigurationPlatforms) = preSolution
		Debug|x64 = Debug|x64
		Debug|x86 = Debug|x86
		Release|x64 = Release|x64
		Release|x86 = Release|x86
	EndGlobalSection
	GlobalSection(ProjectConfigurationPlatforms) = postSolution
		{599D8942-1792-4FE3-BD6C-91B8B39621F0}.Debug|x64.ActiveCfg = Debug|x64
		{599D8942-1792-4FE3-BD6C-91B8B39621F0}.Debug|x64.Build.0 = Debug|x64
		{599D8942-1792-4FE3-BD6C-91B8B39621F0}.Debug|x86.ActiveCfg = Debug|Win32
		{599D8942-1792-4FE3-BD6C-91B8B39621F0}.Debug|x86.Build.0 = Debug|Win32
		{599D8942-1792-4FE3-BD6C-91B8B39621F0}.Release|x64.ActiveCfg = Release|x64
		{599D8942-1792-4FE3-BD6C-91B8B39621F0}.Release|x64.Build.0 = Release|x64
		{599D8942-1792-4FE3-BD6C-91B8B39621F0}.Release|x86.ActiveCfg = Release|Win32
		{599D8942-1792-4FE3-BD6C-91B8B39621F0}.Release|x86.Build.0 = Release|Win32
	EndGlobalSection
	GlobalSection(SolutionProperties) = preSolution
		HideSolutionNode = FALSE
	EndGlobalSection
	GlobalSection(ExtensibilityGlobals) = postSolution
		SolutionGuid = {6BEADCAE-1E7E-41A8-9ED2-8B0A62269459}
	EndGlobalSection
EndGlobal
