<?xml version="1.0" encoding="utf-8"?>
<Project ToolsVersion="4.0" xmlns="http://schemas.microsoft.com/developer/msbuild/2003">
  <ItemGroup>
    <Filter Include="Source Files">
      <UniqueIdentifier>{56bc9f15-84f3-4a3d-9c00-879dd0608c36}</UniqueIdentifier>
      <Extensions>cpp;c;cxx;rc;def;r;odl;idl;hpj;bat</Extensions>
    </Filter>
    <Filter Include="Header Files">
      <UniqueIdentifier>{2c663c24-53f8-4ecf-a746-ee98b0af37e4}</UniqueIdentifier>
      <Extensions>h;hpp;hxx;hm;inl</Extensions>
    </Filter>
    <Filter Include="Resource Files">
      <UniqueIdentifier>{ce50ea44-7d46-4071-a04f-a1633c834051}</UniqueIdentifier>
      <Extensions>ico;cur;bmp;dlg;rc2;rct;bin;rgs;gif;jpg;jpeg;jpe</Extensions>
    </Filter>
  </ItemGroup>
  <ItemGroup>
    <ClCompile Include="AboutDlg.cpp">
      <Filter>Source Files</Filter>
    </ClCompile>
    <ClCompile Include="ClientDlg.cpp">
      <Filter>Source Files</Filter>
    </ClCompile>
    <ClCompile Include="Five.cpp">
      <Filter>Source Files</Filter>
    </ClCompile>
    <ClCompile Include="FiveDlg.cpp">
      <Filter>Source Files</Filter>
    </ClCompile>
    <ClCompile Include="FiveSocket.cpp">
      <Filter>Source Files</Filter>
    </ClCompile>
    <ClCompile Include="Game.cpp">
      <Filter>Source Files</Filter>
    </ClCompile>
    <ClCompile Include="ServerDlg.cpp">
      <Filter>Source Files</Filter>
    </ClCompile>
    <ClCompile Include="StdAfx.cpp">
      <Filter>Source Files</Filter>
    </ClCompile>
    <ClCompile Include="Table.cpp">
      <Filter>Source Files</Filter>
    </ClCompile>
    <ClCompile Include="CDlgLogin.cpp">
      <Filter>Source Files</Filter>
    </ClCompile>
    <ClCompile Include="ClientSocket.cpp">
      <Filter>Source Files</Filter>
    </ClCompile>
    <ClCompile Include="CDlgRoom.cpp">
      <Filter>Source Files</Filter>
    </ClCompile>
  </ItemGroup>
  <ItemGroup>
    <ResourceCompile Include="Five.rc">
      <Filter>Source Files</Filter>
    </ResourceCompile>
  </ItemGroup>
  <ItemGroup>
    <ClInclude Include="AboutDlg.h">
      <Filter>Header Files</Filter>
    </ClInclude>
    <ClInclude Include="ClientDlg.h">
      <Filter>Header Files</Filter>
    </ClInclude>
    <ClInclude Include="Five.h">
      <Filter>Header Files</Filter>
    </ClInclude>
    <ClInclude Include="FiveDlg.h">
      <Filter>Header Files</Filter>
    </ClInclude>
    <ClInclude Include="FiveSocket.h">
      <Filter>Header Files</Filter>
    </ClInclude>
    <ClInclude Include="Game.h">
      <Filter>Header Files</Filter>
    </ClInclude>
    <ClInclude Include="Messages.h">
      <Filter>Header Files</Filter>
    </ClInclude>
    <ClInclude Include="Resource.h">
      <Filter>Header Files</Filter>
    </ClInclude>
    <ClInclude Include="ServerDlg.h">
      <Filter>Header Files</Filter>
    </ClInclude>
    <ClInclude Include="StdAfx.h">
      <Filter>Header Files</Filter>
    </ClInclude>
    <ClInclude Include="Table.h">
      <Filter>Header Files</Filter>
    </ClInclude>
    <ClInclude Include="CDlgLogin.h">
      <Filter>Header Files</Filter>
    </ClInclude>
    <ClInclude Include="ClientSocket.h">
      <Filter>Header Files</Filter>
    </ClInclude>
    <ClInclude Include="CDlgRoom.h">
      <Filter>Header Files</Filter>
    </ClInclude>
    <ClInclude Include="cmd.h">
      <Filter>Header Files</Filter>
    </ClInclude>
  </ItemGroup>
  <ItemGroup>
    <None Include="res\Black.bmp">
      <Filter>Resource Files</Filter>
    </None>
    <None Include="res\Black.ico">
      <Filter>Resource Files</Filter>
    </None>
    <None Include="res\Five.ico">
      <Filter>Resource Files</Filter>
    </None>
    <None Include="res\Five.rc2">
      <Filter>Resource Files</Filter>
    </None>
    <None Include="res\lost.wav">
      <Filter>Resource Files</Filter>
    </None>
    <None Include="res\put.wav">
      <Filter>Resource Files</Filter>
    </None>
    <None Include="res\Table.bmp">
      <Filter>Resource Files</Filter>
    </None>
    <None Include="res\VS.ico">
      <Filter>Resource Files</Filter>
    </None>
    <None Include="res\White.bmp">
      <Filter>Resource Files</Filter>
    </None>
    <None Include="res\White.ico">
      <Filter>Resource Files</Filter>
    </None>
    <None Include="ReadMe.txt" />
    <None Include="res\win.wav" />
  </ItemGroup>
</Project>