
Microsoft Visual Studio Solution File, Format Version 12.00
# Visual Studio 15
VisualStudioVersion = 15.0.28307.572
MinimumVisualStudioVersion = 10.0.40219.1
Project("{8BC9CEB8-8B4A-11D0-8D11-00A0C91BC942}") = "rcver", "rcver\rcver.vcxproj", "{42B82A18-6548-4B64-B787-7E1CDACF69B5}"
EndProject
Global
	GlobalSection(SolutionConfigurationPlatforms) = preSolution
		Debug|ARM = Debug|ARM
		Debug|ARM64 = Debug|ARM64
		Debug|x64 = Debug|x64
		Debug|x86 = Debug|x86
		Release|ARM = Release|ARM
		Release|ARM64 = Release|ARM64
		Release|x64 = Release|x64
		Release|x86 = Release|x86
	EndGlobalSection
	GlobalSection(ProjectConfigurationPlatforms) = postSolution
		{42B82A18-6548-4B64-B787-7E1CDACF69B5}.Debug|ARM.ActiveCfg = Debug|ARM
		{42B82A18-6548-4B64-B787-7E1CDACF69B5}.Debug|ARM.Build.0 = Debug|ARM
		{42B82A18-6548-4B64-B787-7E1CDACF69B5}.Debug|ARM64.ActiveCfg = Debug|ARM64
		{42B82A18-6548-4B64-B787-7E1CDACF69B5}.Debug|ARM64.Build.0 = Debug|ARM64
		{42B82A18-6548-4B64-B787-7E1CDACF69B5}.Debug|x64.ActiveCfg = Debug|x64
		{42B82A18-6548-4B64-B787-7E1CDACF69B5}.Debug|x64.Build.0 = Debug|x64
		{42B82A18-6548-4B64-B787-7E1CDACF69B5}.Debug|x86.ActiveCfg = Debug|x86
		{42B82A18-6548-4B64-B787-7E1CDACF69B5}.Debug|x86.Build.0 = Debug|x86
		{42B82A18-6548-4B64-B787-7E1CDACF69B5}.Release|ARM.ActiveCfg = Release|ARM
		{42B82A18-6548-4B64-B787-7E1CDACF69B5}.Release|ARM.Build.0 = Release|ARM
		{42B82A18-6548-4B64-B787-7E1CDACF69B5}.Release|ARM64.ActiveCfg = Release|ARM64
		{42B82A18-6548-4B64-B787-7E1CDACF69B5}.Release|ARM64.Build.0 = Release|ARM64
		{42B82A18-6548-4B64-B787-7E1CDACF69B5}.Release|x64.ActiveCfg = Release|x64
		{42B82A18-6548-4B64-B787-7E1CDACF69B5}.Release|x64.Build.0 = Release|x64
		{42B82A18-6548-4B64-B787-7E1CDACF69B5}.Release|x86.ActiveCfg = Release|x86
		{42B82A18-6548-4B64-B787-7E1CDACF69B5}.Release|x86.Build.0 = Release|x86
	EndGlobalSection
	GlobalSection(SolutionProperties) = preSolution
		HideSolutionNode = FALSE
	EndGlobalSection
	GlobalSection(ExtensibilityGlobals) = postSolution
		SolutionGuid = {E141D839-A4B5-4C9E-884B-DF9CA9CCC826}
	EndGlobalSection
EndGlobal
